
Microsoft Visual Studio Solution File, Format Version 12.00
# Visual Studio Version 17
VisualStudioVersion = 17.6.33801.468
MinimumVisualStudioVersion = 10.0.40219.1
Project("{9A19103F-16F7-4668-BE54-9A1E7A4F7556}") = "ConsoleConsumer", "ConsoleConsumer\ConsoleConsumer.csproj", "{4BE4BAF4-2B01-4D01-9132-B80D914ADACD}"
EndProject
Project("{9A19103F-16F7-4668-BE54-9A1E7A4F7556}") = "ConsoleProducer", "ConsoleProducer\ConsoleProducer.csproj", "{C959DEC2-3FF4-4856-999D-9409BF9F82D8}"
EndProject
Global
	GlobalSection(SolutionConfigurationPlatforms) = preSolution
		Debug|Any CPU = Debug|Any CPU
		Release|Any CPU = Release|Any CPU
	EndGlobalSection
	GlobalSection(ProjectConfigurationPlatforms) = postSolution
		{4BE4BAF4-2B01-4D01-9132-B80D914ADACD}.Debug|Any CPU.ActiveCfg = Debug|Any CPU
		{4BE4BAF4-2B01-4D01-9132-B80D914ADACD}.Debug|Any CPU.Build.0 = Debug|Any CPU
		{4BE4BAF4-2B01-4D01-9132-B80D914ADACD}.Release|Any CPU.ActiveCfg = Release|Any CPU
		{4BE4BAF4-2B01-4D01-9132-B80D914ADACD}.Release|Any CPU.Build.0 = Release|Any CPU
		{C959DEC2-3FF4-4856-999D-9409BF9F82D8}.Debug|Any CPU.ActiveCfg = Debug|Any CPU
		{C959DEC2-3FF4-4856-999D-9409BF9F82D8}.Debug|Any CPU.Build.0 = Debug|Any CPU
		{C959DEC2-3FF4-4856-999D-9409BF9F82D8}.Release|Any CPU.ActiveCfg = Release|Any CPU
		{C959DEC2-3FF4-4856-999D-9409BF9F82D8}.Release|Any CPU.Build.0 = Release|Any CPU
	EndGlobalSection
	GlobalSection(SolutionProperties) = preSolution
		HideSolutionNode = FALSE
	EndGlobalSection
	GlobalSection(ExtensibilityGlobals) = postSolution
		SolutionGuid = {DDF72251-0AFF-47C7-BCC3-545FE020DC87}
	EndGlobalSection
EndGlobal
